
Microsoft Visual Studio Solution File, Format Version 12.00
# Visual Studio Version 17
VisualStudioVersion = 17.5.33424.131
MinimumVisualStudioVersion = 10.0.40219.1
Project("{FAE04EC0-301F-11D3-BF4B-00C04F79EFBC}") = "CoffeeShop1", "CoffeeShop1\CoffeeShop1.csproj", "{EA053196-0B9E-4D05-9CDA-4705E3032A93}"
EndProject
Global
	GlobalSection(SolutionConfigurationPlatforms) = preSolution
		Debug|Any CPU = Debug|Any CPU
		Release|Any CPU = Release|Any CPU
	EndGlobalSection
	GlobalSection(ProjectConfigurationPlatforms) = postSolution
		{EA053196-0B9E-4D05-9CDA-4705E3032A93}.Debug|Any CPU.ActiveCfg = Debug|Any CPU
		{EA053196-0B9E-4D05-9CDA-4705E3032A93}.Debug|Any CPU.Build.0 = Debug|Any CPU
		{EA053196-0B9E-4D05-9CDA-4705E3032A93}.Release|Any CPU.ActiveCfg = Release|Any CPU
		{EA053196-0B9E-4D05-9CDA-4705E3032A93}.Release|Any CPU.Build.0 = Release|Any CPU
	EndGlobalSection
	GlobalSection(SolutionProperties) = preSolution
		HideSolutionNode = FALSE
	EndGlobalSection
	GlobalSection(ExtensibilityGlobals) = postSolution
		SolutionGuid = {57694107-C5C4-4A47-97E6-3D228A5A9984}
	EndGlobalSection
EndGlobal
